
Microsoft Visual Studio Solution File, Format Version 12.00
# Visual Studio Version 16
VisualStudioVersion = 16.0.32126.315
MinimumVisualStudioVersion = 10.0.40219.1
Project("{FAE04EC0-301F-11D3-BF4B-00C04F79EFBC}") = "Test_Bc", "Test_Bc\Test_Bc.csproj", "{6DA0187A-F391-4374-AF25-BC470C0A77B9}"
EndProject
Global
	GlobalSection(SolutionConfigurationPlatforms) = preSolution
		Debug|Any CPU = Debug|Any CPU
		Release|Any CPU = Release|Any CPU
	EndGlobalSection
	GlobalSection(ProjectConfigurationPlatforms) = postSolution
		{6DA0187A-F391-4374-AF25-BC470C0A77B9}.Debug|Any CPU.ActiveCfg = Debug|Any CPU
		{6DA0187A-F391-4374-AF25-BC470C0A77B9}.Debug|Any CPU.Build.0 = Debug|Any CPU
		{6DA0187A-F391-4374-AF25-BC470C0A77B9}.Release|Any CPU.ActiveCfg = Release|Any CPU
		{6DA0187A-F391-4374-AF25-BC470C0A77B9}.Release|Any CPU.Build.0 = Release|Any CPU
	EndGlobalSection
	GlobalSection(SolutionProperties) = preSolution
		HideSolutionNode = FALSE
	EndGlobalSection
	GlobalSection(ExtensibilityGlobals) = postSolution
		SolutionGuid = {0E525C25-78F4-4FE9-BE62-8CA11E23CBE1}
	EndGlobalSection
EndGlobal
